version = 1
revision = 1
requires-python = ">=3.13"

[[package]]
name = "facedancer"
version = "3.1.0"
source = { registry = "https://pypi.org/simple" }
dependencies = [
    { name = "libusb1" },
    { name = "prompt-toolkit" },
    { name = "pyserial" },
    { name = "pyusb" },
]
sdist = { url = "https://files.pythonhosted.org/packages/69/09/8c0e4c416f6cf11b8e5babb2543815019df946624c7d6bae09c4f6164a5b/facedancer-3.1.0.tar.gz", hash = "sha256:cfccf328fbc153459e5032fd9c5a0fb8a94e77fcf14226129fb531241081b06c", size = 105454 }
wheels = [
    { url = "https://files.pythonhosted.org/packages/99/dc/fd6236346db6d4eaa41181e2a064a5bf32ed5dae57aa514c2b8883422487/facedancer-3.1.0-py3-none-any.whl", hash = "sha256:e9772cc4d3a9d468a41f2d981943ff5156fedfc790d8adba6f6cb246e0f30cc6", size = 116204 },
]

[[package]]
name = "fake-uvc"
version = "0.1.0"
source = { virtual = "." }
dependencies = [
    { name = "facedancer" },
]

[package.metadata]
requires-dist = [{ name = "facedancer", specifier = ">=3.1.0" }]

[[package]]
name = "libusb1"
version = "3.3.1"
source = { registry = "https://pypi.org/simple" }
sdist = { url = "https://files.pythonhosted.org/packages/a2/7f/c59ad56d1bca8fa4321d1bb77ba4687775751a4deceec14943a44da18ca0/libusb1-3.3.1.tar.gz", hash = "sha256:3951d360f2daf0e0eacf839e15d2d1d2f4f5e7830231eb3188eeffef2dd17bad", size = 107600 }
wheels = [
    { url = "https://files.pythonhosted.org/packages/10/f7/4577cfc55c9520ecab5563173e83235382ac7980c8c2c08d6c9f7ef9e615/libusb1-3.3.1-py3-none-any.whl", hash = "sha256:808c9362299dcee01651aa87e71e9d681ccedb27fc4dbd70aaf14e245fb855f1", size = 67243 },
    { url = "https://files.pythonhosted.org/packages/6a/60/d3fd4831c601f063a16fc59f465ef4c1108247b07fbff371a982bd1bac45/libusb1-3.3.1-py3-none-win32.whl", hash = "sha256:0ef69825173ce74af34444754c081cc324233edc6acc405658b3ad784833e076", size = 129576 },
    { url = "https://files.pythonhosted.org/packages/94/6d/344a164d32d65d503ffe9201cd74cf13a020099dc446554d1e50b07f167b/libusb1-3.3.1-py3-none-win_amd64.whl", hash = "sha256:6e21b772d80d6487fbb55d3d2141218536db302da82f1983754e96c72781c102", size = 141080 },
]

[[package]]
name = "prompt-toolkit"
version = "3.0.50"
source = { registry = "https://pypi.org/simple" }
dependencies = [
    { name = "wcwidth" },
]
sdist = { url = "https://files.pythonhosted.org/packages/a1/e1/bd15cb8ffdcfeeb2bdc215de3c3cffca11408d829e4b8416dcfe71ba8854/prompt_toolkit-3.0.50.tar.gz", hash = "sha256:544748f3860a2623ca5cd6d2795e7a14f3d0e1c3c9728359013f79877fc89bab", size = 429087 }
wheels = [
    { url = "https://files.pythonhosted.org/packages/e4/ea/d836f008d33151c7a1f62caf3d8dd782e4d15f6a43897f64480c2b8de2ad/prompt_toolkit-3.0.50-py3-none-any.whl", hash = "sha256:9b6427eb19e479d98acff65196a307c555eb567989e6d88ebbb1b509d9779198", size = 387816 },
]

[[package]]
name = "pyserial"
version = "3.5"
source = { registry = "https://pypi.org/simple" }
sdist = { url = "https://files.pythonhosted.org/packages/1e/7d/ae3f0a63f41e4d2f6cb66a5b57197850f919f59e558159a4dd3a818f5082/pyserial-3.5.tar.gz", hash = "sha256:3c77e014170dfffbd816e6ffc205e9842efb10be9f58ec16d3e8675b4925cddb", size = 159125 }
wheels = [
    { url = "https://files.pythonhosted.org/packages/07/bc/587a445451b253b285629263eb51c2d8e9bcea4fc97826266d186f96f558/pyserial-3.5-py2.py3-none-any.whl", hash = "sha256:c4451db6ba391ca6ca299fb3ec7bae67a5c55dde170964c7a14ceefec02f2cf0", size = 90585 },
]

[[package]]
name = "pyusb"
version = "1.3.1"
source = { registry = "https://pypi.org/simple" }
sdist = { url = "https://files.pythonhosted.org/packages/00/6b/ce3727395e52b7b76dfcf0c665e37d223b680b9becc60710d4bc08b7b7cb/pyusb-1.3.1.tar.gz", hash = "sha256:3af070b607467c1c164f49d5b0caabe8ac78dbed9298d703a8dbf9df4052d17e", size = 77281 }
wheels = [
    { url = "https://files.pythonhosted.org/packages/28/b8/27e6312e86408a44fe16bd28ee12dd98608b39f7e7e57884a24e8f29b573/pyusb-1.3.1-py3-none-any.whl", hash = "sha256:bf9b754557af4717fe80c2b07cc2b923a9151f5c08d17bdb5345dac09d6a0430", size = 58465 },
]

[[package]]
name = "wcwidth"
version = "0.2.13"
source = { registry = "https://pypi.org/simple" }
sdist = { url = "https://files.pythonhosted.org/packages/6c/63/53559446a878410fc5a5974feb13d31d78d752eb18aeba59c7fef1af7598/wcwidth-0.2.13.tar.gz", hash = "sha256:72ea0c06399eb286d978fdedb6923a9eb47e1c486ce63e9b4e64fc18303972b5", size = 101301 }
wheels = [
    { url = "https://files.pythonhosted.org/packages/fd/84/fd2ba7aafacbad3c4201d395674fc6348826569da3c0937e75505ead3528/wcwidth-0.2.13-py2.py3-none-any.whl", hash = "sha256:3da69048e4540d84af32131829ff948f1e022c1c6bdb8d6102117aac784f6859", size = 34166 },
]
